
Microsoft Visual Studio Solution File, Format Version 12.00
# Visual Studio Version 16
VisualStudioVersion = 16.0.29509.3
MinimumVisualStudioVersion = 10.0.40219.1
Project("{FAE04EC0-301F-11D3-BF4B-00C04F79EFBC}") = "BanHangNetCoreNhom123", "BanHangNetCoreNhom123\BanHangNetCoreNhom123.csproj", "{032466D9-E863-4474-8020-B05625B7BADD}"
EndProject
Global
	GlobalSection(SolutionConfigurationPlatforms) = preSolution
		Debug|Any CPU = Debug|Any CPU
		Release|Any CPU = Release|Any CPU
	EndGlobalSection
	GlobalSection(ProjectConfigurationPlatforms) = postSolution
		{032466D9-E863-4474-8020-B05625B7BADD}.Debug|Any CPU.ActiveCfg = Debug|Any CPU
		{032466D9-E863-4474-8020-B05625B7BADD}.Debug|Any CPU.Build.0 = Debug|Any CPU
		{032466D9-E863-4474-8020-B05625B7BADD}.Release|Any CPU.ActiveCfg = Release|Any CPU
		{032466D9-E863-4474-8020-B05625B7BADD}.Release|Any CPU.Build.0 = Release|Any CPU
	EndGlobalSection
	GlobalSection(SolutionProperties) = preSolution
		HideSolutionNode = FALSE
	EndGlobalSection
	GlobalSection(ExtensibilityGlobals) = postSolution
		SolutionGuid = {B58D08AA-6134-4DA8-AB64-AA1E2B5E47BE}
	EndGlobalSection
EndGlobal
